
Microsoft Visual Studio Solution File, Format Version 12.00
# Visual Studio Version 16
VisualStudioVersion = 16.0.31410.357
MinimumVisualStudioVersion = 10.0.40219.1
Project("{00D1A9C2-B5F0-4AF3-8072-F6C62B433612}") = "SpotifyDB", "SpotifyDB\SpotifyDB.sqlproj", "{CF31DF1C-BC7D-4162-841C-DFFB835F943E}"
EndProject
Global
	GlobalSection(SolutionConfigurationPlatforms) = preSolution
		Debug|Any CPU = Debug|Any CPU
		Release|Any CPU = Release|Any CPU
	EndGlobalSection
	GlobalSection(ProjectConfigurationPlatforms) = postSolution
		{CF31DF1C-BC7D-4162-841C-DFFB835F943E}.Debug|Any CPU.ActiveCfg = Debug|Any CPU
		{CF31DF1C-BC7D-4162-841C-DFFB835F943E}.Debug|Any CPU.Build.0 = Debug|Any CPU
		{CF31DF1C-BC7D-4162-841C-DFFB835F943E}.Debug|Any CPU.Deploy.0 = Debug|Any CPU
		{CF31DF1C-BC7D-4162-841C-DFFB835F943E}.Release|Any CPU.ActiveCfg = Release|Any CPU
		{CF31DF1C-BC7D-4162-841C-DFFB835F943E}.Release|Any CPU.Build.0 = Release|Any CPU
		{CF31DF1C-BC7D-4162-841C-DFFB835F943E}.Release|Any CPU.Deploy.0 = Release|Any CPU
	EndGlobalSection
	GlobalSection(SolutionProperties) = preSolution
		HideSolutionNode = FALSE
	EndGlobalSection
	GlobalSection(ExtensibilityGlobals) = postSolution
		SolutionGuid = {B16BF0B4-50B9-4948-81D1-E2364A208624}
	EndGlobalSection
EndGlobal
